PODS:
  - JXPhotoBrowser (4.0.2)
  - Kingfisher (8.8.0)
  - TLPhotoPicker (2.1.18)
  - XYZPathKit (3.0.9):
    - XYZTimeKit
  - XYZTimeKit (3.1.3)

DEPENDENCIES:
  - JXPhotoBrowser
  - Kingfisher
  - TLPhotoPicker
  - XYZPathKit

SPEC REPOS:
  trunk:
    - JXPhotoBrowser
    - Kingfisher
    - TLPhotoPicker
    - XYZPathKit
    - XYZTimeKit

SPEC CHECKSUMS:
  JXPhotoBrowser: 4d7e7b0fee53d17853afccb00d6897f37a9766b4
  Kingfisher: beeaf65ed57dfa710d416aea4093277e8a9b1968
  TLPhotoPicker: 0cd00a6a71d74a02dcbcd24c28a867fbff545ec4
  XYZPathKit: 81ddcb29e79560d7768a7455431f4a7f06012567
  XYZTimeKit: e2f661402b860cf58b12a7911c60db6b96c98d9e

PODFILE CHECKSUM: 758caa91552639638e6f2c940f1c8117722b927c

COCOAPODS: 1.16.2
