PODS:
  - JXPhotoBrowser (3.1.2)
  - Kingfisher (5.14.1):
    - Kingfisher/Core (= 5.14.1)
  - Kingfisher/Core (5.14.1)
  - TLPhotoPicker (2.0.11)
  - XYZPathKit (2.1.2):
    - XYZTimeKit
  - XYZTimeKit (2.0.5)

DEPENDENCIES:
  - JXPhotoBrowser
  - Kingfisher
  - TLPhotoPicker
  - XYZPathKit

SPEC REPOS:
  https://github.com/CocoaPods/Specs.git:
    - JXPhotoBrowser
    - Kingfisher
    - TLPhotoPicker
    - XYZPathKit
    - XYZTimeKit

SPEC CHECKSUMS:
  JXPhotoBrowser: 7f0bc11f02fbc84ae06829f922f32ce822aa9661
  Kingfisher: 8050bc6f7f68cbf3908bd04df7ccbac188f6d6d6
  TLPhotoPicker: a5c339732b8326bb16cbb4e00ed01a86f2bfbbb3
  XYZPathKit: abe58b33866d8b8ff220645dac2bbbe8b98227be
  XYZTimeKit: 20dd15aabbf318cc9a18da7409f63d58ccdf4f1a

PODFILE CHECKSUM: 00dfacab57233d20521312f6b0c142f2236e2259

COCOAPODS: 1.9.3
