PODS:
  - JXPhotoBrowser (3.1.2)
  - Kingfisher (6.0.1)
  - TLPhotoPicker (2.1.3)
  - XYZPathKit (3.0.1):
    - XYZTimeKit
  - XYZTimeKit (3.0.1)

DEPENDENCIES:
  - JXPhotoBrowser
  - Kingfisher
  - TLPhotoPicker
  - XYZPathKit

SPEC REPOS:
  https://github.com/CocoaPods/Specs.git:
    - JXPhotoBrowser
    - Kingfisher
    - TLPhotoPicker
    - XYZPathKit
    - XYZTimeKit

SPEC CHECKSUMS:
  JXPhotoBrowser: 7f0bc11f02fbc84ae06829f922f32ce822aa9661
  Kingfisher: adde87a4f74f6a3845395769354efff593581740
  TLPhotoPicker: 2c4a20d62952bd368edbf44d18476f663a718ada
  XYZPathKit: 156c2652202f98e47f41a8767b62be8e614ea80c
  XYZTimeKit: 83a8914a1ee29119ba8afc1615edae979594db1c

PODFILE CHECKSUM: f0a928e02dc618ca08eb4271dc42b9dca636f345

COCOAPODS: 1.10.1
