// !$*UTF8*$!
{
	archiveVersion = 1;
	classes = {
	};
	objectVersion = 51;
	objects = {

/* Begin PBXBuildFile section */
		D2FE2E37452C0DB3A5278922 /* Pods_XYZPhotoKit.framework in Frameworks */ = {isa = PBXBuildFile; fileRef = F2DAD203847A6EE080510985 /* Pods_XYZPhotoKit.framework */; };
		D6947CFB23A7AC0F00EBDF12 /* AppDelegate.swift in Sources */ = {isa = PBXBuildFile; fileRef = D6947CFA23A7AC0F00EBDF12 /* AppDelegate.swift */; };
		D6947CFD23A7AC0F00EBDF12 /* SceneDelegate.swift in Sources */ = {isa = PBXBuildFile; fileRef = D6947CFC23A7AC0F00EBDF12 /* SceneDelegate.swift */; };
		D6947CFF23A7AC0F00EBDF12 /* ViewController.swift in Sources */ = {isa = PBXBuildFile; fileRef = D6947CFE23A7AC0F00EBDF12 /* ViewController.swift */; };
		D6947D0223A7AC0F00EBDF12 /* Main.storyboard in Resources */ = {isa = PBXBuildFile; fileRef = D6947D0023A7AC0F00EBDF12 /* Main.storyboard */; };
		D6947D0423A7AC1000EBDF12 /* Assets.xcassets in Resources */ = {isa = PBXBuildFile; fileRef = D6947D0323A7AC1000EBDF12 /* Assets.xcassets */; };
		D6947D0723A7AC1000EBDF12 /* LaunchScreen.storyboard in Resources */ = {isa = PBXBuildFile; fileRef = D6947D0523A7AC1000EBDF12 /* LaunchScreen.storyboard */; };
		D6947D1023A7ACCE00EBDF12 /* XYZPHAsset.swift in Sources */ = {isa = PBXBuildFile; fileRef = D6947D0F23A7ACCE00EBDF12 /* XYZPHAsset.swift */; };
		D6947D1523A7B06C00EBDF12 /* JXPhoto_Extension.swift in Sources */ = {isa = PBXBuildFile; fileRef = D6947D1423A7B06B00EBDF12 /* JXPhoto_Extension.swift */; };
		D6947D4F23A7BE0600EBDF12 /* SoHow.podspec in Resources */ = {isa = PBXBuildFile; fileRef = D6947D4C23A7BE0600EBDF12 /* SoHow.podspec */; };
		D6947D5023A7BE0600EBDF12 /* README.md in Resources */ = {isa = PBXBuildFile; fileRef = D6947D4D23A7BE0600EBDF12 /* README.md */; };
		D6947D5123A7BE0600EBDF12 /* LICENSE in Resources */ = {isa = PBXBuildFile; fileRef = D6947D4E23A7BE0600EBDF12 /* LICENSE */; };
/* End PBXBuildFile section */

/* Begin PBXFileReference section */
		1CFF45B7A59959FF7643AB37 /* Pods-XYZPhotoKit.debug.xcconfig */ = {isa = PBXFileReference; includeInIndex = 1; lastKnownFileType = text.xcconfig; name = "Pods-XYZPhotoKit.debug.xcconfig"; path = "Target Support Files/Pods-XYZPhotoKit/Pods-XYZPhotoKit.debug.xcconfig"; sourceTree = "<group>"; };
		68987D25587B9537629EAC75 /* Pods-XYZPhotoKit.release.xcconfig */ = {isa = PBXFileReference; includeInIndex = 1; lastKnownFileType = text.xcconfig; name = "Pods-XYZPhotoKit.release.xcconfig"; path = "Target Support Files/Pods-XYZPhotoKit/Pods-XYZPhotoKit.release.xcconfig"; sourceTree = "<group>"; };
		D6947CF723A7AC0F00EBDF12 /* XYZPhotoKit.app */ = {isa = PBXFileReference; explicitFileType = wrapper.application; includeInIndex = 0; path = XYZPhotoKit.app; sourceTree = BUILT_PRODUCTS_DIR; };
		D6947CFA23A7AC0F00EBDF12 /* AppDelegate.swift */ = {isa = PBXFileReference; lastKnownFileType = sourcecode.swift; path = AppDelegate.swift; sourceTree = "<group>"; };
		D6947CFC23A7AC0F00EBDF12 /* SceneDelegate.swift */ = {isa = PBXFileReference; lastKnownFileType = sourcecode.swift; path = SceneDelegate.swift; sourceTree = "<group>"; };
		D6947CFE23A7AC0F00EBDF12 /* ViewController.swift */ = {isa = PBXFileReference; lastKnownFileType = sourcecode.swift; path = ViewController.swift; sourceTree = "<group>"; };
		D6947D0123A7AC0F00EBDF12 /* Base */ = {isa = PBXFileReference; lastKnownFileType = file.storyboard; name = Base; path = Base.lproj/Main.storyboard; sourceTree = "<group>"; };
		D6947D0323A7AC1000EBDF12 /* Assets.xcassets */ = {isa = PBXFileReference; lastKnownFileType = folder.assetcatalog; path = Assets.xcassets; sourceTree = "<group>"; };
		D6947D0623A7AC1000EBDF12 /* Base */ = {isa = PBXFileReference; lastKnownFileType = file.storyboard; name = Base; path = Base.lproj/LaunchScreen.storyboard; sourceTree = "<group>"; };
		D6947D0823A7AC1000EBDF12 /* Info.plist */ = {isa = PBXFileReference; lastKnownFileType = text.plist.xml; path = Info.plist; sourceTree = "<group>"; };
		D6947D0F23A7ACCE00EBDF12 /* XYZPHAsset.swift */ = {isa = PBXFileReference; fileEncoding = 4; lastKnownFileType = sourcecode.swift; path = XYZPHAsset.swift; sourceTree = "<group>"; };
		D6947D1423A7B06B00EBDF12 /* JXPhoto_Extension.swift */ = {isa = PBXFileReference; fileEncoding = 4; lastKnownFileType = sourcecode.swift; path = JXPhoto_Extension.swift; sourceTree = "<group>"; };
		D6947D4C23A7BE0600EBDF12 /* SoHow.podspec */ = {isa = PBXFileReference; fileEncoding = 4; lastKnownFileType = text; path = SoHow.podspec; sourceTree = "<group>"; };
		D6947D4D23A7BE0600EBDF12 /* README.md */ = {isa = PBXFileReference; fileEncoding = 4; lastKnownFileType = net.daringfireball.markdown; path = README.md; sourceTree = "<group>"; };
		D6947D4E23A7BE0600EBDF12 /* LICENSE */ = {isa = PBXFileReference; fileEncoding = 4; lastKnownFileType = text; path = LICENSE; sourceTree = "<group>"; };
		F2DAD203847A6EE080510985 /* Pods_XYZPhotoKit.framework */ = {isa = PBXFileReference; explicitFileType = wrapper.framework; includeInIndex = 0; path = Pods_XYZPhotoKit.framework; sourceTree = BUILT_PRODUCTS_DIR; };
/* End PBXFileReference section */

/* Begin PBXFrameworksBuildPhase section */
		D6947CF423A7AC0F00EBDF12 /* Frameworks */ = {
			isa = PBXFrameworksBuildPhase;
			buildActionMask = 2147483647;
			files = (
				D2FE2E37452C0DB3A5278922 /* Pods_XYZPhotoKit.framework in Frameworks */,
			);
			runOnlyForDeploymentPostprocessing = 0;
		};
/* End PBXFrameworksBuildPhase section */

/* Begin PBXGroup section */
		4F0049FA73CDA0B23CEDC45F /* Pods */ = {
			isa = PBXGroup;
			children = (
				1CFF45B7A59959FF7643AB37 /* Pods-XYZPhotoKit.debug.xcconfig */,
				68987D25587B9537629EAC75 /* Pods-XYZPhotoKit.release.xcconfig */,
			);
			path = Pods;
			sourceTree = "<group>";
		};
		54811F2581FFA0F0E48135D3 /* Frameworks */ = {
			isa = PBXGroup;
			children = (
				F2DAD203847A6EE080510985 /* Pods_XYZPhotoKit.framework */,
			);
			name = Frameworks;
			sourceTree = "<group>";
		};
		D6947CEE23A7AC0F00EBDF12 = {
			isa = PBXGroup;
			children = (
				D6947D4E23A7BE0600EBDF12 /* LICENSE */,
				D6947D4D23A7BE0600EBDF12 /* README.md */,
				D6947D4C23A7BE0600EBDF12 /* SoHow.podspec */,
				D6947CF923A7AC0F00EBDF12 /* XYZPhotoKit */,
				D6947CF823A7AC0F00EBDF12 /* Products */,
				4F0049FA73CDA0B23CEDC45F /* Pods */,
				54811F2581FFA0F0E48135D3 /* Frameworks */,
			);
			sourceTree = "<group>";
		};
		D6947CF823A7AC0F00EBDF12 /* Products */ = {
			isa = PBXGroup;
			children = (
				D6947CF723A7AC0F00EBDF12 /* XYZPhotoKit.app */,
			);
			name = Products;
			sourceTree = "<group>";
		};
		D6947CF923A7AC0F00EBDF12 /* XYZPhotoKit */ = {
			isa = PBXGroup;
			children = (
				D6947CFA23A7AC0F00EBDF12 /* AppDelegate.swift */,
				D6947CFC23A7AC0F00EBDF12 /* SceneDelegate.swift */,
				D6947CFE23A7AC0F00EBDF12 /* ViewController.swift */,
				D6947D0E23A7AC8F00EBDF12 /* Source */,
				D6947D0023A7AC0F00EBDF12 /* Main.storyboard */,
				D6947D0323A7AC1000EBDF12 /* Assets.xcassets */,
				D6947D0523A7AC1000EBDF12 /* LaunchScreen.storyboard */,
				D6947D0823A7AC1000EBDF12 /* Info.plist */,
			);
			path = XYZPhotoKit;
			sourceTree = "<group>";
		};
		D6947D0E23A7AC8F00EBDF12 /* Source */ = {
			isa = PBXGroup;
			children = (
				D6947D0F23A7ACCE00EBDF12 /* XYZPHAsset.swift */,
				D6947D1423A7B06B00EBDF12 /* JXPhoto_Extension.swift */,
			);
			path = Source;
			sourceTree = "<group>";
		};
/* End PBXGroup section */

/* Begin PBXNativeTarget section */
		D6947CF623A7AC0F00EBDF12 /* XYZPhotoKit */ = {
			isa = PBXNativeTarget;
			buildConfigurationList = D6947D0B23A7AC1000EBDF12 /* Build configuration list for PBXNativeTarget "XYZPhotoKit" */;
			buildPhases = (
				87D33A74E28F96DBE79BCEEA /* [CP] Check Pods Manifest.lock */,
				D6947CF323A7AC0F00EBDF12 /* Sources */,
				D6947CF423A7AC0F00EBDF12 /* Frameworks */,
				D6947CF523A7AC0F00EBDF12 /* Resources */,
				A717C7385F8A920C7D48AC61 /* [CP] Embed Pods Frameworks */,
			);
			buildRules = (
			);
			dependencies = (
			);
			name = XYZPhotoKit;
			productName = XYZPhotoKit;
			productReference = D6947CF723A7AC0F00EBDF12 /* XYZPhotoKit.app */;
			productType = "com.apple.product-type.application";
		};
/* End PBXNativeTarget section */

/* Begin PBXProject section */
		D6947CEF23A7AC0F00EBDF12 /* Project object */ = {
			isa = PBXProject;
			attributes = {
				LastSwiftUpdateCheck = 1130;
				LastUpgradeCheck = 1130;
				ORGANIZATIONNAME = "张子豪";
				TargetAttributes = {
					D6947CF623A7AC0F00EBDF12 = {
						CreatedOnToolsVersion = 11.3;
					};
				};
			};
			buildConfigurationList = D6947CF223A7AC0F00EBDF12 /* Build configuration list for PBXProject "XYZPhotoKit" */;
			compatibilityVersion = "Xcode 9.3";
			developmentRegion = en;
			hasScannedForEncodings = 0;
			knownRegions = (
				en,
				Base,
			);
			mainGroup = D6947CEE23A7AC0F00EBDF12;
			productRefGroup = D6947CF823A7AC0F00EBDF12 /* Products */;
			projectDirPath = "";
			projectRoot = "";
			targets = (
				D6947CF623A7AC0F00EBDF12 /* XYZPhotoKit */,
			);
		};
/* End PBXProject section */

/* Begin PBXResourcesBuildPhase section */
		D6947CF523A7AC0F00EBDF12 /* Resources */ = {
			isa = PBXResourcesBuildPhase;
			buildActionMask = 2147483647;
			files = (
				D6947D5123A7BE0600EBDF12 /* LICENSE in Resources */,
				D6947D0723A7AC1000EBDF12 /* LaunchScreen.storyboard in Resources */,
				D6947D4F23A7BE0600EBDF12 /* SoHow.podspec in Resources */,
				D6947D5023A7BE0600EBDF12 /* README.md in Resources */,
				D6947D0423A7AC1000EBDF12 /* Assets.xcassets in Resources */,
				D6947D0223A7AC0F00EBDF12 /* Main.storyboard in Resources */,
			);
			runOnlyForDeploymentPostprocessing = 0;
		};
/* End PBXResourcesBuildPhase section */

/* Begin PBXShellScriptBuildPhase section */
		87D33A74E28F96DBE79BCEEA /* [CP] Check Pods Manifest.lock */ = {
			isa = PBXShellScriptBuildPhase;
			buildActionMask = 2147483647;
			files = (
			);
			inputFileListPaths = (
			);
			inputPaths = (
				"${PODS_PODFILE_DIR_PATH}/Podfile.lock",
				"${PODS_ROOT}/Manifest.lock",
			);
			name = "[CP] Check Pods Manifest.lock";
			outputFileListPaths = (
			);
			outputPaths = (
				"$(DERIVED_FILE_DIR)/Pods-XYZPhotoKit-checkManifestLockResult.txt",
			);
			runOnlyForDeploymentPostprocessing = 0;
			shellPath = /bin/sh;
			shellScript = "diff \"${PODS_PODFILE_DIR_PATH}/Podfile.lock\" \"${PODS_ROOT}/Manifest.lock\" > /dev/null\nif [ $? != 0 ] ; then\n    # print error to STDERR\n    echo \"error: The sandbox is not in sync with the Podfile.lock. Run 'pod install' or update your CocoaPods installation.\" >&2\n    exit 1\nfi\n# This output is used by Xcode 'outputs' to avoid re-running this script phase.\necho \"SUCCESS\" > \"${SCRIPT_OUTPUT_FILE_0}\"\n";
			showEnvVarsInLog = 0;
		};
		A717C7385F8A920C7D48AC61 /* [CP] Embed Pods Frameworks */ = {
			isa = PBXShellScriptBuildPhase;
			buildActionMask = 2147483647;
			files = (
			);
			inputFileListPaths = (
				"${PODS_ROOT}/Target Support Files/Pods-XYZPhotoKit/Pods-XYZPhotoKit-frameworks-${CONFIGURATION}-input-files.xcfilelist",
			);
			name = "[CP] Embed Pods Frameworks";
			outputFileListPaths = (
				"${PODS_ROOT}/Target Support Files/Pods-XYZPhotoKit/Pods-XYZPhotoKit-frameworks-${CONFIGURATION}-output-files.xcfilelist",
			);
			runOnlyForDeploymentPostprocessing = 0;
			shellPath = /bin/sh;
			shellScript = "\"${PODS_ROOT}/Target Support Files/Pods-XYZPhotoKit/Pods-XYZPhotoKit-frameworks.sh\"\n";
			showEnvVarsInLog = 0;
		};
/* End PBXShellScriptBuildPhase section */

/* Begin PBXSourcesBuildPhase section */
		D6947CF323A7AC0F00EBDF12 /* Sources */ = {
			isa = PBXSourcesBuildPhase;
			buildActionMask = 2147483647;
			files = (
				D6947CFF23A7AC0F00EBDF12 /* ViewController.swift in Sources */,
				D6947CFB23A7AC0F00EBDF12 /* AppDelegate.swift in Sources */,
				D6947D1023A7ACCE00EBDF12 /* XYZPHAsset.swift in Sources */,
				D6947CFD23A7AC0F00EBDF12 /* SceneDelegate.swift in Sources */,
				D6947D1523A7B06C00EBDF12 /* JXPhoto_Extension.swift in Sources */,
			);
			runOnlyForDeploymentPostprocessing = 0;
		};
/* End PBXSourcesBuildPhase section */

/* Begin PBXVariantGroup section */
		D6947D0023A7AC0F00EBDF12 /* Main.storyboard */ = {
			isa = PBXVariantGroup;
			children = (
				D6947D0123A7AC0F00EBDF12 /* Base */,
			);
			name = Main.storyboard;
			sourceTree = "<group>";
		};
		D6947D0523A7AC1000EBDF12 /* LaunchScreen.storyboard */ = {
			isa = PBXVariantGroup;
			children = (
				D6947D0623A7AC1000EBDF12 /* Base */,
			);
			name = LaunchScreen.storyboard;
			sourceTree = "<group>";
		};
/* End PBXVariantGroup section */

/* Begin XCBuildConfiguration section */
		D6947D0923A7AC1000EBDF12 /* Debug */ = {
			isa = XCBuildConfiguration;
			buildSettings = {
				ALWAYS_SEARCH_USER_PATHS = NO;
				CLANG_ANALYZER_NONNULL = YES;
				CLANG_ANALYZER_NUMBER_OBJECT_CONVERSION = YES_AGGRESSIVE;
				CLANG_CXX_LANGUAGE_STANDARD = "gnu++14";
				CLANG_CXX_LIBRARY = "libc++";
				CLANG_ENABLE_MODULES = YES;
				CLANG_ENABLE_OBJC_ARC = YES;
				CLANG_ENABLE_OBJC_WEAK = YES;
				CLANG_WARN_BLOCK_CAPTURE_AUTORELEASING = YES;
				CLANG_WARN_BOOL_CONVERSION = YES;
				CLANG_WARN_COMMA = YES;
				CLANG_WARN_CONSTANT_CONVERSION = YES;
				CLANG_WARN_DEPRECATED_OBJC_IMPLEMENTATIONS = YES;
				CLANG_WARN_DIRECT_OBJC_ISA_USAGE = YES_ERROR;
				CLANG_WARN_DOCUMENTATION_COMMENTS = YES;
				CLANG_WARN_EMPTY_BODY = YES;
				CLANG_WARN_ENUM_CONVERSION = YES;
				CLANG_WARN_INFINITE_RECURSION = YES;
				CLANG_WARN_INT_CONVERSION = YES;
				CLANG_WARN_NON_LITERAL_NULL_CONVERSION = YES;
				CLANG_WARN_OBJC_IMPLICIT_RETAIN_SELF = YES;
				CLANG_WARN_OBJC_LITERAL_CONVERSION = YES;
				CLANG_WARN_OBJC_ROOT_CLASS = YES_ERROR;
				CLANG_WARN_RANGE_LOOP_ANALYSIS = YES;
				CLANG_WARN_STRICT_PROTOTYPES = YES;
				CLANG_WARN_SUSPICIOUS_MOVE = YES;
				CLANG_WARN_UNGUARDED_AVAILABILITY = YES_AGGRESSIVE;
				CLANG_WARN_UNREACHABLE_CODE = YES;
				CLANG_WARN__DUPLICATE_METHOD_MATCH = YES;
				COPY_PHASE_STRIP = NO;
				DEBUG_INFORMATION_FORMAT = dwarf;
				ENABLE_STRICT_OBJC_MSGSEND = YES;
				ENABLE_TESTABILITY = YES;
				GCC_C_LANGUAGE_STANDARD = gnu11;
				GCC_DYNAMIC_NO_PIC = NO;
				GCC_NO_COMMON_BLOCKS = YES;
				GCC_OPTIMIZATION_LEVEL = 0;
				GCC_PREPROCESSOR_DEFINITIONS = (
					"DEBUG=1",
					"$(inherited)",
				);
				GCC_WARN_64_TO_32_BIT_CONVERSION = YES;
				GCC_WARN_ABOUT_RETURN_TYPE = YES_ERROR;
				GCC_WARN_UNDECLARED_SELECTOR = YES;
				GCC_WARN_UNINITIALIZED_AUTOS = YES_AGGRESSIVE;
				GCC_WARN_UNUSED_FUNCTION = YES;
				GCC_WARN_UNUSED_VARIABLE = YES;
				IPHONEOS_DEPLOYMENT_TARGET = 13.0;
				MTL_ENABLE_DEBUG_INFO = INCLUDE_SOURCE;
				MTL_FAST_MATH = YES;
				ONLY_ACTIVE_ARCH = YES;
				SDKROOT = iphoneos;
				SWIFT_ACTIVE_COMPILATION_CONDITIONS = DEBUG;
				SWIFT_OPTIMIZATION_LEVEL = "-Onone";
			};
			name = Debug;
		};
		D6947D0A23A7AC1000EBDF12 /* Release */ = {
			isa = XCBuildConfiguration;
			buildSettings = {
				ALWAYS_SEARCH_USER_PATHS = NO;
				CLANG_ANALYZER_NONNULL = YES;
				CLANG_ANALYZER_NUMBER_OBJECT_CONVERSION = YES_AGGRESSIVE;
				CLANG_CXX_LANGUAGE_STANDARD = "gnu++14";
				CLANG_CXX_LIBRARY = "libc++";
				CLANG_ENABLE_MODULES = YES;
				CLANG_ENABLE_OBJC_ARC = YES;
				CLANG_ENABLE_OBJC_WEAK = YES;
				CLANG_WARN_BLOCK_CAPTURE_AUTORELEASING = YES;
				CLANG_WARN_BOOL_CONVERSION = YES;
				CLANG_WARN_COMMA = YES;
				CLANG_WARN_CONSTANT_CONVERSION = YES;
				CLANG_WARN_DEPRECATED_OBJC_IMPLEMENTATIONS = YES;
				CLANG_WARN_DIRECT_OBJC_ISA_USAGE = YES_ERROR;
				CLANG_WARN_DOCUMENTATION_COMMENTS = YES;
				CLANG_WARN_EMPTY_BODY = YES;
				CLANG_WARN_ENUM_CONVERSION = YES;
				CLANG_WARN_INFINITE_RECURSION = YES;
				CLANG_WARN_INT_CONVERSION = YES;
				CLANG_WARN_NON_LITERAL_NULL_CONVERSION = YES;
				CLANG_WARN_OBJC_IMPLICIT_RETAIN_SELF = YES;
				CLANG_WARN_OBJC_LITERAL_CONVERSION = YES;
				CLANG_WARN_OBJC_ROOT_CLASS = YES_ERROR;
				CLANG_WARN_RANGE_LOOP_ANALYSIS = YES;
				CLANG_WARN_STRICT_PROTOTYPES = YES;
				CLANG_WARN_SUSPICIOUS_MOVE = YES;
				CLANG_WARN_UNGUARDED_AVAILABILITY = YES_AGGRESSIVE;
				CLANG_WARN_UNREACHABLE_CODE = YES;
				CLANG_WARN__DUPLICATE_METHOD_MATCH = YES;
				COPY_PHASE_STRIP = NO;
				DEBUG_INFORMATION_FORMAT = "dwarf-with-dsym";
				ENABLE_NS_ASSERTIONS = NO;
				ENABLE_STRICT_OBJC_MSGSEND = YES;
				GCC_C_LANGUAGE_STANDARD = gnu11;
				GCC_NO_COMMON_BLOCKS = YES;
				GCC_WARN_64_TO_32_BIT_CONVERSION = YES;
				GCC_WARN_ABOUT_RETURN_TYPE = YES_ERROR;
				GCC_WARN_UNDECLARED_SELECTOR = YES;
				GCC_WARN_UNINITIALIZED_AUTOS = YES_AGGRESSIVE;
				GCC_WARN_UNUSED_FUNCTION = YES;
				GCC_WARN_UNUSED_VARIABLE = YES;
				IPHONEOS_DEPLOYMENT_TARGET = 13.0;
				MTL_ENABLE_DEBUG_INFO = NO;
				MTL_FAST_MATH = YES;
				SDKROOT = iphoneos;
				SWIFT_COMPILATION_MODE = wholemodule;
				SWIFT_OPTIMIZATION_LEVEL = "-O";
				VALIDATE_PRODUCT = YES;
			};
			name = Release;
		};
		D6947D0C23A7AC1000EBDF12 /* Debug */ = {
			isa = XCBuildConfiguration;
			baseConfigurationReference = 1CFF45B7A59959FF7643AB37 /* Pods-XYZPhotoKit.debug.xcconfig */;
			buildSettings = {
				ASSETCATALOG_COMPILER_APPICON_NAME = AppIcon;
				CODE_SIGN_STYLE = Automatic;
				DEVELOPMENT_TEAM = E5VG453CHM;
				INFOPLIST_FILE = XYZPhotoKit/Info.plist;
				IPHONEOS_DEPLOYMENT_TARGET = 13.0;
				LD_RUNPATH_SEARCH_PATHS = (
					"$(inherited)",
					"@executable_path/Frameworks",
				);
				PRODUCT_BUNDLE_IDENTIFIER = com.zhangqian.XYZPhotoKit;
				PRODUCT_NAME = "$(TARGET_NAME)";
				SWIFT_VERSION = 5.0;
				TARGETED_DEVICE_FAMILY = "1,2";
			};
			name = Debug;
		};
		D6947D0D23A7AC1000EBDF12 /* Release */ = {
			isa = XCBuildConfiguration;
			baseConfigurationReference = 68987D25587B9537629EAC75 /* Pods-XYZPhotoKit.release.xcconfig */;
			buildSettings = {
				ASSETCATALOG_COMPILER_APPICON_NAME = AppIcon;
				CODE_SIGN_STYLE = Automatic;
				DEVELOPMENT_TEAM = E5VG453CHM;
				INFOPLIST_FILE = XYZPhotoKit/Info.plist;
				IPHONEOS_DEPLOYMENT_TARGET = 13.0;
				LD_RUNPATH_SEARCH_PATHS = (
					"$(inherited)",
					"@executable_path/Frameworks",
				);
				PRODUCT_BUNDLE_IDENTIFIER = com.zhangqian.XYZPhotoKit;
				PRODUCT_NAME = "$(TARGET_NAME)";
				SWIFT_VERSION = 5.0;
				TARGETED_DEVICE_FAMILY = "1,2";
			};
			name = Release;
		};
/* End XCBuildConfiguration section */

/* Begin XCConfigurationList section */
		D6947CF223A7AC0F00EBDF12 /* Build configuration list for PBXProject "XYZPhotoKit" */ = {
			isa = XCConfigurationList;
			buildConfigurations = (
				D6947D0923A7AC1000EBDF12 /* Debug */,
				D6947D0A23A7AC1000EBDF12 /* Release */,
			);
			defaultConfigurationIsVisible = 0;
			defaultConfigurationName = Release;
		};
		D6947D0B23A7AC1000EBDF12 /* Build configuration list for PBXNativeTarget "XYZPhotoKit" */ = {
			isa = XCConfigurationList;
			buildConfigurations = (
				D6947D0C23A7AC1000EBDF12 /* Debug */,
				D6947D0D23A7AC1000EBDF12 /* Release */,
			);
			defaultConfigurationIsVisible = 0;
			defaultConfigurationName = Release;
		};
/* End XCConfigurationList section */
	};
	rootObject = D6947CEF23A7AC0F00EBDF12 /* Project object */;
}
